lockfileVersion: '9.0'

settings:
  autoInstallPeers: true
  excludeLinksFromLockfile: false
  injectWorkspacePackages: true

importers:

  .:
    dependencies:
      next:
        specifier: 16.0.1
        version: 16.0.1(babel-plugin-react-compiler@1.0.0)(react-dom@19.2.0(react@19.2.0))(react@19.2.0)
      react:
        specifier: 19.2.0
        version: 19.2.0
      react-dom:
        specifier: 19.2.0
        version: 19.2.0(react@19.2.0)
      simple-peer:
        specifier: 9.11.1
        version: 9.11.1
      zustand:
        specifier: 5.0.8
        version: 5.0.8(@types/react@19.2.3)(react@19.2.0)(use-sync-external-store@1.4.0(react@19.2.0))
    devDependencies:
      '@biomejs/biome':
        specifier: 2.3.5
        version: 2.3.5
      '@tsconfig/next':
        specifier: 2.0.3
        version: 2.0.3
      '@types/node':
        specifier: 24.10.0
        version: 24.10.0
      '@types/react':
        specifier: 19.2.3
        version: 19.2.3
      '@types/react-dom':
        specifier: 19.2.2
        version: 19.2.2(@types/react@19.2.3)
      '@types/simple-peer':
        specifier: 9.11.9
        version: 9.11.9
      babel-plugin-react-compiler:
        specifier: 1.0.0
        version: 1.0.0
      typescript:
        specifier: 5.9.3
        version: 5.9.3

packages:

  '@babel/helper-string-parser@7.27.1':
    resolution: {integrity: sha512-qMlSxKbpRlAridDExk92nSobyDdpPijUq2DW6oDnUqd0iOGxmQjyqhMIihI9+zv4LPyZdRje2cavWPbCbWm3eA==}
    engines: {node: '>=6.9.0'}

  '@babel/helper-validator-identifier@7.28.5':
    resolution: {integrity: sha512-qSs4ifwzKJSV39ucNjsvc6WVHs6b7S03sOh2OcHF9UHfVPqWWALUsNUVzhSBiItjRZoLHx7nIarVjqKVusUZ1Q==}
    engines: {node: '>=6.9.0'}

  '@babel/types@7.28.5':
    resolution: {integrity: sha512-qQ5m48eI/MFLQ5PxQj4PFaprjyCTLI37ElWMmNs0K8Lk3dVeOdNpB3ks8jc7yM5CDmVC73eMVk/trk3fgmrUpA==}
    engines: {node: '>=6.9.0'}

  '@biomejs/biome@2.3.5':
    resolution: {integrity: sha512-HvLhNlIlBIbAV77VysRIBEwp55oM/QAjQEin74QQX9Xb259/XP/D5AGGnZMOyF1el4zcvlNYYR3AyTMUV3ILhg==}
    engines: {node: '>=14.21.3'}
    hasBin: true

  '@biomejs/cli-darwin-arm64@2.3.5':
    resolution: {integrity: sha512-fLdTur8cJU33HxHUUsii3GLx/TR0BsfQx8FkeqIiW33cGMtUD56fAtrh+2Fx1uhiCsVZlFh6iLKUU3pniZREQw==}
    engines: {node: '>=14.21.3'}
    cpu: [arm64]
    os: [darwin]

  '@biomejs/cli-darwin-x64@2.3.5':
    resolution: {integrity: sha512-qpT8XDqeUlzrOW8zb4k3tjhT7rmvVRumhi2657I2aGcY4B+Ft5fNwDdZGACzn8zj7/K1fdWjgwYE3i2mSZ+vOA==}
    engines: {node: '>=14.21.3'}
    cpu: [x64]
    os: [darwin]

  '@biomejs/cli-linux-arm64-musl@2.3.5':
    resolution: {integrity: sha512-eGUG7+hcLgGnMNl1KHVZUYxahYAhC462jF/wQolqu4qso2MSk32Q+QrpN7eN4jAHAg7FUMIo897muIhK4hXhqg==}
    engines: {node: '>=14.21.3'}
    cpu: [arm64]
    os: [linux]
    libc: [musl]

  '@biomejs/cli-linux-arm64@2.3.5':
    resolution: {integrity: sha512-u/pybjTBPGBHB66ku4pK1gj+Dxgx7/+Z0jAriZISPX1ocTO8aHh8x8e7Kb1rB4Ms0nA/SzjtNOVJ4exVavQBCw==}
    engines: {node: '>=14.21.3'}
    cpu: [arm64]
    os: [linux]
    libc: [glibc]

  '@biomejs/cli-linux-x64-musl@2.3.5':
    resolution: {integrity: sha512-awVuycTPpVTH/+WDVnEEYSf6nbCBHf/4wB3lquwT7puhNg8R4XvonWNZzUsfHZrCkjkLhFH/vCZK5jHatD9FEg==}
    engines: {node: '>=14.21.3'}
    cpu: [x64]
    os: [linux]
    libc: [musl]

  '@biomejs/cli-linux-x64@2.3.5':
    resolution: {integrity: sha512-XrIVi9YAW6ye0CGQ+yax0gLfx+BFOtKaNX74n+xHWla6Cl6huUmcKNO7HPx7BiKnJUzrxXY1qYlm7xMvi08X4g==}
    engines: {node: '>=14.21.3'}
    cpu: [x64]
    os: [linux]
    libc: [glibc]

  '@biomejs/cli-win32-arm64@2.3.5':
    resolution: {integrity: sha512-DlBiMlBZZ9eIq4H7RimDSGsYcOtfOIfZOaI5CqsWiSlbTfqbPVfWtCf92wNzx8GNMbu1s7/g3ZZESr6+GwM/SA==}
    engines: {node: '>=14.21.3'}
    cpu: [arm64]
    os: [win32]

  '@biomejs/cli-win32-x64@2.3.5':
    resolution: {integrity: sha512-nUmR8gb6yvrKhtRgzwo/gDimPwnO5a4sCydf8ZS2kHIJhEmSmk+STsusr1LHTuM//wXppBawvSQi2xFXJCdgKQ==}
    engines: {node: '>=14.21.3'}
    cpu: [x64]
    os: [win32]

  '@emnapi/runtime@1.7.0':
    resolution: {integrity: sha512-oAYoQnCYaQZKVS53Fq23ceWMRxq5EhQsE0x0RdQ55jT7wagMu5k+fS39v1fiSLrtrLQlXwVINenqhLMtTrV/1Q==}

  '@img/colour@1.0.0':
    resolution: {integrity: sha512-A5P/LfWGFSl6nsckYtjw9da+19jB8hkJ6ACTGcDfEJ0aE+l2n2El7dsVM7UVHZQ9s2lmYMWlrS21YLy2IR1LUw==}
    engines: {node: '>=18'}

  '@img/sharp-darwin-arm64@0.34.5':
    resolution: {integrity: sha512-imtQ3WMJXbMY4fxb/Ndp6HBTNVtWCUI0WdobyheGf5+ad6xX8VIDO8u2xE4qc/fr08CKG/7dDseFtn6M6g/r3w==}
    engines: {node: ^18.17.0 || ^20.3.0 || >=21.0.0}
    cpu: [arm64]
    os: [darwin]

  '@img/sharp-darwin-x64@0.34.5':
    resolution: {integrity: sha512-YNEFAF/4KQ/PeW0N+r+aVVsoIY0/qxxikF2SWdp+NRkmMB7y9LBZAVqQ4yhGCm/H3H270OSykqmQMKLBhBJDEw==}
    engines: {node: ^18.17.0 || ^20.3.0 || >=21.0.0}
    cpu: [x64]
    os: [darwin]

  '@img/sharp-libvips-darwin-arm64@1.2.4':
    resolution: {integrity: sha512-zqjjo7RatFfFoP0MkQ51jfuFZBnVE2pRiaydKJ1G/rHZvnsrHAOcQALIi9sA5co5xenQdTugCvtb1cuf78Vf4g==}
    cpu: [arm64]
    os: [darwin]

  '@img/sharp-libvips-darwin-x64@1.2.4':
    resolution: {integrity: sha512-1IOd5xfVhlGwX+zXv2N93k0yMONvUlANylbJw1eTah8K/Jtpi15KC+WSiaX/nBmbm2HxRM1gZ0nSdjSsrZbGKg==}
    cpu: [x64]
    os: [darwin]

  '@img/sharp-libvips-linux-arm64@1.2.4':
    resolution: {integrity: sha512-excjX8DfsIcJ10x1Kzr4RcWe1edC9PquDRRPx3YVCvQv+U5p7Yin2s32ftzikXojb1PIFc/9Mt28/y+iRklkrw==}
    cpu: [arm64]
    os: [linux]
    libc: [glibc]

  '@img/sharp-libvips-linux-arm@1.2.4':
    resolution: {integrity: sha512-bFI7xcKFELdiNCVov8e44Ia4u2byA+l3XtsAj+Q8tfCwO6BQ8iDojYdvoPMqsKDkuoOo+X6HZA0s0q11ANMQ8A==}
    cpu: [arm]
    os: [linux]
    libc: [glibc]

  '@img/sharp-libvips-linux-ppc64@1.2.4':
    resolution: {integrity: sha512-FMuvGijLDYG6lW+b/UvyilUWu5Ayu+3r2d1S8notiGCIyYU/76eig1UfMmkZ7vwgOrzKzlQbFSuQfgm7GYUPpA==}
    cpu: [ppc64]
    os: [linux]
    libc: [glibc]

  '@img/sharp-libvips-linux-riscv64@1.2.4':
    resolution: {integrity: sha512-oVDbcR4zUC0ce82teubSm+x6ETixtKZBh/qbREIOcI3cULzDyb18Sr/Wcyx7NRQeQzOiHTNbZFF1UwPS2scyGA==}
    cpu: [riscv64]
    os: [linux]
    libc: [glibc]

  '@img/sharp-libvips-linux-s390x@1.2.4':
    resolution: {integrity: sha512-qmp9VrzgPgMoGZyPvrQHqk02uyjA0/QrTO26Tqk6l4ZV0MPWIW6LTkqOIov+J1yEu7MbFQaDpwdwJKhbJvuRxQ==}
    cpu: [s390x]
    os: [linux]
    libc: [glibc]

  '@img/sharp-libvips-linux-x64@1.2.4':
    resolution: {integrity: sha512-tJxiiLsmHc9Ax1bz3oaOYBURTXGIRDODBqhveVHonrHJ9/+k89qbLl0bcJns+e4t4rvaNBxaEZsFtSfAdquPrw==}
    cpu: [x64]
    os: [linux]
    libc: [glibc]

  '@img/sharp-libvips-linuxmusl-arm64@1.2.4':
    resolution: {integrity: sha512-FVQHuwx1IIuNow9QAbYUzJ+En8KcVm9Lk5+uGUQJHaZmMECZmOlix9HnH7n1TRkXMS0pGxIJokIVB9SuqZGGXw==}
    cpu: [arm64]
    os: [linux]
    libc: [musl]

  '@img/sharp-libvips-linuxmusl-x64@1.2.4':
    resolution: {integrity: sha512-+LpyBk7L44ZIXwz/VYfglaX/okxezESc6UxDSoyo2Ks6Jxc4Y7sGjpgU9s4PMgqgjj1gZCylTieNamqA1MF7Dg==}
    cpu: [x64]
    os: [linux]
    libc: [musl]

  '@img/sharp-linux-arm64@0.34.5':
    resolution: {integrity: sha512-bKQzaJRY/bkPOXyKx5EVup7qkaojECG6NLYswgktOZjaXecSAeCWiZwwiFf3/Y+O1HrauiE3FVsGxFg8c24rZg==}
    engines: {node: ^18.17.0 || ^20.3.0 || >=21.0.0}
    cpu: [arm64]
    os: [linux]
    libc: [glibc]

  '@img/sharp-linux-arm@0.34.5':
    resolution: {integrity: sha512-9dLqsvwtg1uuXBGZKsxem9595+ujv0sJ6Vi8wcTANSFpwV/GONat5eCkzQo/1O6zRIkh0m/8+5BjrRr7jDUSZw==}
    engines: {node: ^18.17.0 || ^20.3.0 || >=21.0.0}
    cpu: [arm]
    os: [linux]
    libc: [glibc]

  '@img/sharp-linux-ppc64@0.34.5':
    resolution: {integrity: sha512-7zznwNaqW6YtsfrGGDA6BRkISKAAE1Jo0QdpNYXNMHu2+0dTrPflTLNkpc8l7MUP5M16ZJcUvysVWWrMefZquA==}
    engines: {node: ^18.17.0 || ^20.3.0 || >=21.0.0}
    cpu: [ppc64]
    os: [linux]
    libc: [glibc]

  '@img/sharp-linux-riscv64@0.34.5':
    resolution: {integrity: sha512-51gJuLPTKa7piYPaVs8GmByo7/U7/7TZOq+cnXJIHZKavIRHAP77e3N2HEl3dgiqdD/w0yUfiJnII77PuDDFdw==}
    engines: {node: ^18.17.0 || ^20.3.0 || >=21.0.0}
    cpu: [riscv64]
    os: [linux]
    libc: [glibc]

  '@img/sharp-linux-s390x@0.34.5':
    resolution: {integrity: sha512-nQtCk0PdKfho3eC5MrbQoigJ2gd1CgddUMkabUj+rBevs8tZ2cULOx46E7oyX+04WGfABgIwmMC0VqieTiR4jg==}
    engines: {node: ^18.17.0 || ^20.3.0 || >=21.0.0}
    cpu: [s390x]
    os: [linux]
    libc: [glibc]

  '@img/sharp-linux-x64@0.34.5':
    resolution: {integrity: sha512-MEzd8HPKxVxVenwAa+JRPwEC7QFjoPWuS5NZnBt6B3pu7EG2Ge0id1oLHZpPJdn3OQK+BQDiw9zStiHBTJQQQQ==}
    engines: {node: ^18.17.0 || ^20.3.0 || >=21.0.0}
    cpu: [x64]
    os: [linux]
    libc: [glibc]

  '@img/sharp-linuxmusl-arm64@0.34.5':
    resolution: {integrity: sha512-fprJR6GtRsMt6Kyfq44IsChVZeGN97gTD331weR1ex1c1rypDEABN6Tm2xa1wE6lYb5DdEnk03NZPqA7Id21yg==}
    engines: {node: ^18.17.0 || ^20.3.0 || >=21.0.0}
    cpu: [arm64]
    os: [linux]
    libc: [musl]

  '@img/sharp-linuxmusl-x64@0.34.5':
    resolution: {integrity: sha512-Jg8wNT1MUzIvhBFxViqrEhWDGzqymo3sV7z7ZsaWbZNDLXRJZoRGrjulp60YYtV4wfY8VIKcWidjojlLcWrd8Q==}
    engines: {node: ^18.17.0 || ^20.3.0 || >=21.0.0}
    cpu: [x64]
    os: [linux]
    libc: [musl]

  '@img/sharp-wasm32@0.34.5':
    resolution: {integrity: sha512-OdWTEiVkY2PHwqkbBI8frFxQQFekHaSSkUIJkwzclWZe64O1X4UlUjqqqLaPbUpMOQk6FBu/HtlGXNblIs0huw==}
    engines: {node: ^18.17.0 || ^20.3.0 || >=21.0.0}
    cpu: [wasm32]

  '@img/sharp-win32-arm64@0.34.5':
    resolution: {integrity: sha512-WQ3AgWCWYSb2yt+IG8mnC6Jdk9Whs7O0gxphblsLvdhSpSTtmu69ZG1Gkb6NuvxsNACwiPV6cNSZNzt0KPsw7g==}
    engines: {node: ^18.17.0 || ^20.3.0 || >=21.0.0}
    cpu: [arm64]
    os: [win32]

  '@img/sharp-win32-ia32@0.34.5':
    resolution: {integrity: sha512-FV9m/7NmeCmSHDD5j4+4pNI8Cp3aW+JvLoXcTUo0IqyjSfAZJ8dIUmijx1qaJsIiU+Hosw6xM5KijAWRJCSgNg==}
    engines: {node: ^18.17.0 || ^20.3.0 || >=21.0.0}
    cpu: [ia32]
    os: [win32]

  '@img/sharp-win32-x64@0.34.5':
    resolution: {integrity: sha512-+29YMsqY2/9eFEiW93eqWnuLcWcufowXewwSNIT6UwZdUUCrM3oFjMWH/Z6/TMmb4hlFenmfAVbpWeup2jryCw==}
    engines: {node: ^18.17.0 || ^20.3.0 || >=21.0.0}
    cpu: [x64]
    os: [win32]

  '@next/env@16.0.1':
    resolution: {integrity: sha512-LFvlK0TG2L3fEOX77OC35KowL8D7DlFF45C0OvKMC4hy8c/md1RC4UMNDlUGJqfCoCS2VWrZ4dSE6OjaX5+8mw==}

  '@next/swc-darwin-arm64@16.0.1':
    resolution: {integrity: sha512-R0YxRp6/4W7yG1nKbfu41bp3d96a0EalonQXiMe+1H9GTHfKxGNCGFNWUho18avRBPsO8T3RmdWuzmfurlQPbg==}
    engines: {node: '>= 10'}
    cpu: [arm64]
    os: [darwin]

  '@next/swc-darwin-x64@16.0.1':
    resolution: {integrity: sha512-kETZBocRux3xITiZtOtVoVvXyQLB7VBxN7L6EPqgI5paZiUlnsgYv4q8diTNYeHmF9EiehydOBo20lTttCbHAg==}
    engines: {node: '>= 10'}
    cpu: [x64]
    os: [darwin]

  '@next/swc-linux-arm64-gnu@16.0.1':
    resolution: {integrity: sha512-hWg3BtsxQuSKhfe0LunJoqxjO4NEpBmKkE+P2Sroos7yB//OOX3jD5ISP2wv8QdUwtRehMdwYz6VB50mY6hqAg==}
    engines: {node: '>= 10'}
    cpu: [arm64]
    os: [linux]
    libc: [glibc]

  '@next/swc-linux-arm64-musl@16.0.1':
    resolution: {integrity: sha512-UPnOvYg+fjAhP3b1iQStcYPWeBFRLrugEyK/lDKGk7kLNua8t5/DvDbAEFotfV1YfcOY6bru76qN9qnjLoyHCQ==}
    engines: {node: '>= 10'}
    cpu: [arm64]
    os: [linux]
    libc: [musl]

  '@next/swc-linux-x64-gnu@16.0.1':
    resolution: {integrity: sha512-Et81SdWkcRqAJziIgFtsFyJizHoWne4fzJkvjd6V4wEkWTB4MX6J0uByUb0peiJQ4WeAt6GGmMszE5KrXK6WKg==}
    engines: {node: '>= 10'}
    cpu: [x64]
    os: [linux]
    libc: [glibc]

  '@next/swc-linux-x64-musl@16.0.1':
    resolution: {integrity: sha512-qBbgYEBRrC1egcG03FZaVfVxrJm8wBl7vr8UFKplnxNRprctdP26xEv9nJ07Ggq4y1adwa0nz2mz83CELY7N6Q==}
    engines: {node: '>= 10'}
    cpu: [x64]
    os: [linux]
    libc: [musl]

  '@next/swc-win32-arm64-msvc@16.0.1':
    resolution: {integrity: sha512-cPuBjYP6I699/RdbHJonb3BiRNEDm5CKEBuJ6SD8k3oLam2fDRMKAvmrli4QMDgT2ixyRJ0+DTkiODbIQhRkeQ==}
    engines: {node: '>= 10'}
    cpu: [arm64]
    os: [win32]

  '@next/swc-win32-x64-msvc@16.0.1':
    resolution: {integrity: sha512-XeEUJsE4JYtfrXe/LaJn3z1pD19fK0Q6Er8Qoufi+HqvdO4LEPyCxLUt4rxA+4RfYo6S9gMlmzCMU2F+AatFqQ==}
    engines: {node: '>= 10'}
    cpu: [x64]
    os: [win32]

  '@swc/helpers@0.5.15':
    resolution: {integrity: sha512-JQ5TuMi45Owi4/BIMAJBoSQoOJu12oOk/gADqlcUL9JEdHB8vyjUSsxqeNXnmXHjYKMi2WcYtezGEEhqUI/E2g==}

  '@tsconfig/next@2.0.3':
    resolution: {integrity: sha512-b4aKvmdWnv9aUy+NStUFlefirk3SItW20OJtbi5/ue9oMRaQtUYbN5zsr7OmV3rlx6Gp6h7A82gPoCXhrNGVPQ==}

  '@types/node@24.10.0':
    resolution: {integrity: sha512-qzQZRBqkFsYyaSWXuEHc2WR9c0a0CXwiE5FWUvn7ZM+vdy1uZLfCunD38UzhuB7YN/J11ndbDBcTmOdxJo9Q7A==}

  '@types/react-dom@19.2.2':
    resolution: {integrity: sha512-9KQPoO6mZCi7jcIStSnlOWn2nEF3mNmyr3rIAsGnAbQKYbRLyqmeSc39EVgtxXVia+LMT8j3knZLAZAh+xLmrw==}
    peerDependencies:
      '@types/react': ^19.2.0

  '@types/react@19.2.3':
    resolution: {integrity: sha512-k5dJVszUiNr1DSe8Cs+knKR6IrqhqdhpUwzqhkS8ecQTSf3THNtbfIp/umqHMpX2bv+9dkx3fwDv/86LcSfvSg==}

  '@types/simple-peer@9.11.9':
    resolution: {integrity: sha512-6Gdl7TSS5oh9nuwKD4Pl8cSmaxWycYeZz9HLnJBNvIwWjZuGVsmHe9RwW3+9RxfhC1aIR9Z83DvaJoMw6rhkbg==}

  babel-plugin-react-compiler@1.0.0:
    resolution: {integrity: sha512-Ixm8tFfoKKIPYdCCKYTsqv+Fd4IJ0DQqMyEimo+pxUOMUR9cVPlwTrFt9Avu+3cb6Zp3mAzl+t1MrG2fxxKsxw==}

  base64-js@1.5.1:
    resolution: {integrity: sha512-AKpaYlHn8t4SVbOHCy+b5+KKgvR4vrsD8vbvrbiQJps7fKDTkjkDry6ji0rUJjC0kzbNePLwzxq8iypo41qeWA==}

  buffer@6.0.3:
    resolution: {integrity: sha512-FTiCpNxtwiZZHEZbcbTIcZjERVICn9yq/pDFkTl95/AxzD1naBctN7YO68riM/gLSDY7sdrMby8hofADYuuqOA==}

  caniuse-lite@1.0.30001754:
    resolution: {integrity: sha512-x6OeBXueoAceOmotzx3PO4Zpt4rzpeIFsSr6AAePTZxSkXiYDUmpypEl7e2+8NCd9bD7bXjqyef8CJYPC1jfxg==}

  client-only@0.0.1:
    resolution: {integrity: sha512-IV3Ou0jSMzZrd3pZ48nLkT9DA7Ag1pnPzaiQhpW7c3RbcqqzvzzVu+L8gfqMp/8IM2MQtSiqaCxrrcfu8I8rMA==}

  csstype@3.1.3:
    resolution: {integrity: sha512-M1uQkMl8rQK/szD0LNhtqxIPLpimGm8sOBwU7lLnCpSbTyY3yeU1Vc7l4KT5zT4s/yOxHH5O7tIuuLOCnLADRw==}

  debug@4.4.3:
    resolution: {integrity: sha512-RGwwWnwQvkVfavKVt22FGLw+xYSdzARwm0ru6DhTVA3umU5hZc28V3kO4stgYryrTlLpuvgI9GiijltAjNbcqA==}
    engines: {node: '>=6.0'}
    peerDependencies:
      supports-color: '*'
    peerDependenciesMeta:
      supports-color:
        optional: true

  detect-libc@2.1.2:
    resolution: {integrity: sha512-Btj2BOOO83o3WyH59e8MgXsxEQVcarkUOpEYrubB0urwnN10yQ364rsiByU11nZlqWYZm05i/of7io4mzihBtQ==}
    engines: {node: '>=8'}

  err-code@3.0.1:
    resolution: {integrity: sha512-GiaH0KJUewYok+eeY05IIgjtAe4Yltygk9Wqp1V5yVWLdhf0hYZchRjNIT9bb0mSwRcIusT3cx7PJUf3zEIfUA==}

  get-browser-rtc@1.1.0:
    resolution: {integrity: sha512-MghbMJ61EJrRsDe7w1Bvqt3ZsBuqhce5nrn/XAwgwOXhcsz53/ltdxOse1h/8eKXj5slzxdsz56g5rzOFSGwfQ==}

  ieee754@1.2.1:
    resolution: {integrity: sha512-dcyqhDvX1C46lXZcVqCpK+FtMRQVdIMN6/Df5js2zouUsqG7I6sFxitIC+7KYK29KdXOLHdu9zL4sFnoVQnqaA==}

  inherits@2.0.4:
    resolution: {integrity: sha512-k/vGaX4/Yla3WzyMCvTQOXYeIHvqOKtnqBduzTHpzpQZzAskKMhZ2K+EnBiSM9zGSoIFeMpXKxa4dYeZIQqewQ==}

  ms@2.1.3:
    resolution: {integrity: sha512-6FlzubTLZG3J2a/NVCAleEhjzq5oxgHyaCU9yYXvcLsvoVaHJq/s5xXI6/XXP6tz7R9xAOtHnSO/tXtF3WRTlA==}

  nanoid@3.3.11:
    resolution: {integrity: sha512-N8SpfPUnUp1bK+PMYW8qSWdl9U+wwNWI4QKxOYDy9JAro3WMX7p2OeVRF9v+347pnakNevPmiHhNmZ2HbFA76w==}
    engines: {node: ^10 || ^12 || ^13.7 || ^14 || >=15.0.1}
    hasBin: true

  next@16.0.1:
    resolution: {integrity: sha512-e9RLSssZwd35p7/vOa+hoDFggUZIUbZhIUSLZuETCwrCVvxOs87NamoUzT+vbcNAL8Ld9GobBnWOA6SbV/arOw==}
    engines: {node: '>=20.9.0'}
    hasBin: true
    peerDependencies:
      '@opentelemetry/api': ^1.1.0
      '@playwright/test': ^1.51.1
      babel-plugin-react-compiler: '*'
      react: ^18.2.0 || 19.0.0-rc-de68d2f4-20241204 || ^19.0.0
      react-dom: ^18.2.0 || 19.0.0-rc-de68d2f4-20241204 || ^19.0.0
      sass: ^1.3.0
    peerDependenciesMeta:
      '@opentelemetry/api':
        optional: true
      '@playwright/test':
        optional: true
      babel-plugin-react-compiler:
        optional: true
      sass:
        optional: true

  picocolors@1.1.1:
    resolution: {integrity: sha512-xceH2snhtb5M9liqDsmEw56le376mTZkEX/jEb/RxNFyegNul7eNslCXP9FDj/Lcu0X8KEyMceP2ntpaHrDEVA==}

  postcss@8.4.31:
    resolution: {integrity: sha512-PS08Iboia9mts/2ygV3eLpY5ghnUcfLV/EXTOW1E2qYxJKGGBUtNjN76FYHnMs36RmARn41bC0AZmn+rR0OVpQ==}
    engines: {node: ^10 || ^12 || >=14}

  queue-microtask@1.2.3:
    resolution: {integrity: sha512-NuaNSa6flKT5JaSYQzJok04JzTL1CA6aGhv5rfLW3PgqA+M2ChpZQnAC8h8i4ZFkBS8X5RqkDBHA7r4hej3K9A==}

  randombytes@2.1.0:
    resolution: {integrity: sha512-vYl3iOX+4CKUWuxGi9Ukhie6fsqXqS9FE2Zaic4tNFD2N2QQaXOMFbuKK4QmDHC0JO6B1Zp41J0LpT0oR68amQ==}

  react-dom@19.2.0:
    resolution: {integrity: sha512-UlbRu4cAiGaIewkPyiRGJk0imDN2T3JjieT6spoL2UeSf5od4n5LB/mQ4ejmxhCFT1tYe8IvaFulzynWovsEFQ==}
    peerDependencies:
      react: ^19.2.0

  react@19.2.0:
    resolution: {integrity: sha512-tmbWg6W31tQLeB5cdIBOicJDJRR2KzXsV7uSK9iNfLWQ5bIZfxuPEHp7M8wiHyHnn0DD1i7w3Zmin0FtkrwoCQ==}
    engines: {node: '>=0.10.0'}

  readable-stream@3.6.2:
    resolution: {integrity: sha512-9u/sniCrY3D5WdsERHzHE4G2YCXqoG5FTHUiCC4SIbr6XcLZBY05ya9EKjYek9O5xOAwjGq+1JdGBAS7Q9ScoA==}
    engines: {node: '>= 6'}

  safe-buffer@5.2.1:
    resolution: {integrity: sha512-rp3So07KcdmmKbGvgaNxQSJr7bGVSVk5S9Eq1F+ppbRo70+YeaDxkw5Dd8NPN+GD6bjnYm2VuPuCXmpuYvmCXQ==}

  scheduler@0.27.0:
    resolution: {integrity: sha512-eNv+WrVbKu1f3vbYJT/xtiF5syA5HPIMtf9IgY/nKg0sWqzAUEvqY/xm7OcZc/qafLx/iO9FgOmeSAp4v5ti/Q==}

  semver@7.7.3:
    resolution: {integrity: sha512-SdsKMrI9TdgjdweUSR9MweHA4EJ8YxHn8DFaDisvhVlUOe4BF1tLD7GAj0lIqWVl+dPb/rExr0Btby5loQm20Q==}
    engines: {node: '>=10'}
    hasBin: true

  sharp@0.34.5:
    resolution: {integrity: sha512-Ou9I5Ft9WNcCbXrU9cMgPBcCK8LiwLqcbywW3t4oDV37n1pzpuNLsYiAV8eODnjbtQlSDwZ2cUEeQz4E54Hltg==}
    engines: {node: ^18.17.0 || ^20.3.0 || >=21.0.0}

  simple-peer@9.11.1:
    resolution: {integrity: sha512-D1SaWpOW8afq1CZGWB8xTfrT3FekjQmPValrqncJMX7QFl8YwhrPTZvMCANLtgBwwdS+7zURyqxDDEmY558tTw==}

  source-map-js@1.2.1:
    resolution: {integrity: sha512-UXWMKhLOwVKb728IUtQPXxfYU+usdybtUrK/8uGE8CQMvrhOpwvzDBwj0QhSL7MQc7vIsISBG8VQ8+IDQxpfQA==}
    engines: {node: '>=0.10.0'}

  string_decoder@1.3.0:
    resolution: {integrity: sha512-hkRX8U1WjJFd8LsDJ2yQ/wWWxaopEsABU1XfkM8A+j0+85JAGppt16cr1Whg6KIbb4okU6Mql6BOj+uup/wKeA==}

  styled-jsx@5.1.6:
    resolution: {integrity: sha512-qSVyDTeMotdvQYoHWLNGwRFJHC+i+ZvdBRYosOFgC+Wg1vx4frN2/RG/NA7SYqqvKNLf39P2LSRA2pu6n0XYZA==}
    engines: {node: '>= 12.0.0'}
    peerDependencies:
      '@babel/core': '*'
      babel-plugin-macros: '*'
      react: '>= 16.8.0 || 17.x.x || ^18.0.0-0 || ^19.0.0-0'
    peerDependenciesMeta:
      '@babel/core':
        optional: true
      babel-plugin-macros:
        optional: true

  tslib@2.8.1:
    resolution: {integrity: sha512-oJFu94HQb+KVduSUQL7wnpmqnfmLsOA/nAh6b6EH0wCEoK0/mPeXU6c3wKDV83MkOuHPRHtSXKKU99IBazS/2w==}

  typescript@5.9.3:
    resolution: {integrity: sha512-jl1vZzPDinLr9eUt3J/t7V6FgNEw9QjvBPdysz9KfQDD41fQrC2Y4vKQdiaUpFT4bXlb1RHhLpp8wtm6M5TgSw==}
    engines: {node: '>=14.17'}
    hasBin: true

  undici-types@7.16.0:
    resolution: {integrity: sha512-Zz+aZWSj8LE6zoxD+xrjh4VfkIG8Ya6LvYkZqtUQGJPZjYl53ypCaUwWqo7eI0x66KBGeRo+mlBEkMSeSZ38Nw==}

  use-sync-external-store@1.4.0:
    resolution: {integrity: sha512-9WXSPC5fMv61vaupRkCKCxsPxBocVnwakBEkMIHHpkTTg6icbJtg6jzgtLDm4bl3cSHAca52rYWih0k4K3PfHw==}
    peerDependencies:
      react: ^16.8.0 || ^17.0.0 || ^18.0.0 || ^19.0.0

  util-deprecate@1.0.2:
    resolution: {integrity: sha512-EPD5q1uXyFxJpCrLnCc1nHnq3gOa6DZBocAIiI2TaSCA7VCJ1UJDMagCzIkXNsUYfD1daK//LTEQ8xiIbrHtcw==}

  zustand@5.0.8:
    resolution: {integrity: sha512-gyPKpIaxY9XcO2vSMrLbiER7QMAMGOQZVRdJ6Zi782jkbzZygq5GI9nG8g+sMgitRtndwaBSl7uiqC49o1SSiw==}
    engines: {node: '>=12.20.0'}
    peerDependencies:
      '@types/react': '>=18.0.0'
      immer: '>=9.0.6'
      react: '>=18.0.0'
      use-sync-external-store: '>=1.2.0'
    peerDependenciesMeta:
      '@types/react':
        optional: true
      immer:
        optional: true
      react:
        optional: true
      use-sync-external-store:
        optional: true

snapshots:

  '@babel/helper-string-parser@7.27.1': {}

  '@babel/helper-validator-identifier@7.28.5': {}

  '@babel/types@7.28.5':
    dependencies:
      '@babel/helper-string-parser': 7.27.1
      '@babel/helper-validator-identifier': 7.28.5

  '@biomejs/biome@2.3.5':
    optionalDependencies:
      '@biomejs/cli-darwin-arm64': 2.3.5
      '@biomejs/cli-darwin-x64': 2.3.5
      '@biomejs/cli-linux-arm64': 2.3.5
      '@biomejs/cli-linux-arm64-musl': 2.3.5
      '@biomejs/cli-linux-x64': 2.3.5
      '@biomejs/cli-linux-x64-musl': 2.3.5
      '@biomejs/cli-win32-arm64': 2.3.5
      '@biomejs/cli-win32-x64': 2.3.5

  '@biomejs/cli-darwin-arm64@2.3.5':
    optional: true

  '@biomejs/cli-darwin-x64@2.3.5':
    optional: true

  '@biomejs/cli-linux-arm64-musl@2.3.5':
    optional: true

  '@biomejs/cli-linux-arm64@2.3.5':
    optional: true

  '@biomejs/cli-linux-x64-musl@2.3.5':
    optional: true

  '@biomejs/cli-linux-x64@2.3.5':
    optional: true

  '@biomejs/cli-win32-arm64@2.3.5':
    optional: true

  '@biomejs/cli-win32-x64@2.3.5':
    optional: true

  '@emnapi/runtime@1.7.0':
    dependencies:
      tslib: 2.8.1
    optional: true

  '@img/colour@1.0.0':
    optional: true

  '@img/sharp-darwin-arm64@0.34.5':
    optionalDependencies:
      '@img/sharp-libvips-darwin-arm64': 1.2.4
    optional: true

  '@img/sharp-darwin-x64@0.34.5':
    optionalDependencies:
      '@img/sharp-libvips-darwin-x64': 1.2.4
    optional: true

  '@img/sharp-libvips-darwin-arm64@1.2.4':
    optional: true

  '@img/sharp-libvips-darwin-x64@1.2.4':
    optional: true

  '@img/sharp-libvips-linux-arm64@1.2.4':
    optional: true

  '@img/sharp-libvips-linux-arm@1.2.4':
    optional: true

  '@img/sharp-libvips-linux-ppc64@1.2.4':
    optional: true

  '@img/sharp-libvips-linux-riscv64@1.2.4':
    optional: true

  '@img/sharp-libvips-linux-s390x@1.2.4':
    optional: true

  '@img/sharp-libvips-linux-x64@1.2.4':
    optional: true

  '@img/sharp-libvips-linuxmusl-arm64@1.2.4':
    optional: true

  '@img/sharp-libvips-linuxmusl-x64@1.2.4':
    optional: true

  '@img/sharp-linux-arm64@0.34.5':
    optionalDependencies:
      '@img/sharp-libvips-linux-arm64': 1.2.4
    optional: true

  '@img/sharp-linux-arm@0.34.5':
    optionalDependencies:
      '@img/sharp-libvips-linux-arm': 1.2.4
    optional: true

  '@img/sharp-linux-ppc64@0.34.5':
    optionalDependencies:
      '@img/sharp-libvips-linux-ppc64': 1.2.4
    optional: true

  '@img/sharp-linux-riscv64@0.34.5':
    optionalDependencies:
      '@img/sharp-libvips-linux-riscv64': 1.2.4
    optional: true

  '@img/sharp-linux-s390x@0.34.5':
    optionalDependencies:
      '@img/sharp-libvips-linux-s390x': 1.2.4
    optional: true

  '@img/sharp-linux-x64@0.34.5':
    optionalDependencies:
      '@img/sharp-libvips-linux-x64': 1.2.4
    optional: true

  '@img/sharp-linuxmusl-arm64@0.34.5':
    optionalDependencies:
      '@img/sharp-libvips-linuxmusl-arm64': 1.2.4
    optional: true

  '@img/sharp-linuxmusl-x64@0.34.5':
    optionalDependencies:
      '@img/sharp-libvips-linuxmusl-x64': 1.2.4
    optional: true

  '@img/sharp-wasm32@0.34.5':
    dependencies:
      '@emnapi/runtime': 1.7.0
    optional: true

  '@img/sharp-win32-arm64@0.34.5':
    optional: true

  '@img/sharp-win32-ia32@0.34.5':
    optional: true

  '@img/sharp-win32-x64@0.34.5':
    optional: true

  '@next/env@16.0.1': {}

  '@next/swc-darwin-arm64@16.0.1':
    optional: true

  '@next/swc-darwin-x64@16.0.1':
    optional: true

  '@next/swc-linux-arm64-gnu@16.0.1':
    optional: true

  '@next/swc-linux-arm64-musl@16.0.1':
    optional: true

  '@next/swc-linux-x64-gnu@16.0.1':
    optional: true

  '@next/swc-linux-x64-musl@16.0.1':
    optional: true

  '@next/swc-win32-arm64-msvc@16.0.1':
    optional: true

  '@next/swc-win32-x64-msvc@16.0.1':
    optional: true

  '@swc/helpers@0.5.15':
    dependencies:
      tslib: 2.8.1

  '@tsconfig/next@2.0.3': {}

  '@types/node@24.10.0':
    dependencies:
      undici-types: 7.16.0

  '@types/react-dom@19.2.2(@types/react@19.2.3)':
    dependencies:
      '@types/react': 19.2.3

  '@types/react@19.2.3':
    dependencies:
      csstype: 3.1.3

  '@types/simple-peer@9.11.9':
    dependencies:
      '@types/node': 24.10.0

  babel-plugin-react-compiler@1.0.0:
    dependencies:
      '@babel/types': 7.28.5

  base64-js@1.5.1: {}

  buffer@6.0.3:
    dependencies:
      base64-js: 1.5.1
      ieee754: 1.2.1

  caniuse-lite@1.0.30001754: {}

  client-only@0.0.1: {}

  csstype@3.1.3: {}

  debug@4.4.3:
    dependencies:
      ms: 2.1.3

  detect-libc@2.1.2:
    optional: true

  err-code@3.0.1: {}

  get-browser-rtc@1.1.0: {}

  ieee754@1.2.1: {}

  inherits@2.0.4: {}

  ms@2.1.3: {}

  nanoid@3.3.11: {}

  next@16.0.1(babel-plugin-react-compiler@1.0.0)(react-dom@19.2.0(react@19.2.0))(react@19.2.0):
    dependencies:
      '@next/env': 16.0.1
      '@swc/helpers': 0.5.15
      caniuse-lite: 1.0.30001754
      postcss: 8.4.31
      react: 19.2.0
      react-dom: 19.2.0(react@19.2.0)
      styled-jsx: 5.1.6(react@19.2.0)
    optionalDependencies:
      '@next/swc-darwin-arm64': 16.0.1
      '@next/swc-darwin-x64': 16.0.1
      '@next/swc-linux-arm64-gnu': 16.0.1
      '@next/swc-linux-arm64-musl': 16.0.1
      '@next/swc-linux-x64-gnu': 16.0.1
      '@next/swc-linux-x64-musl': 16.0.1
      '@next/swc-win32-arm64-msvc': 16.0.1
      '@next/swc-win32-x64-msvc': 16.0.1
      babel-plugin-react-compiler: 1.0.0
      sharp: 0.34.5
    transitivePeerDependencies:
      - '@babel/core'
      - babel-plugin-macros

  picocolors@1.1.1: {}

  postcss@8.4.31:
    dependencies:
      nanoid: 3.3.11
      picocolors: 1.1.1
      source-map-js: 1.2.1

  queue-microtask@1.2.3: {}

  randombytes@2.1.0:
    dependencies:
      safe-buffer: 5.2.1

  react-dom@19.2.0(react@19.2.0):
    dependencies:
      react: 19.2.0
      scheduler: 0.27.0

  react@19.2.0: {}

  readable-stream@3.6.2:
    dependencies:
      inherits: 2.0.4
      string_decoder: 1.3.0
      util-deprecate: 1.0.2

  safe-buffer@5.2.1: {}

  scheduler@0.27.0: {}

  semver@7.7.3:
    optional: true

  sharp@0.34.5:
    dependencies:
      '@img/colour': 1.0.0
      detect-libc: 2.1.2
      semver: 7.7.3
    optionalDependencies:
      '@img/sharp-darwin-arm64': 0.34.5
      '@img/sharp-darwin-x64': 0.34.5
      '@img/sharp-libvips-darwin-arm64': 1.2.4
      '@img/sharp-libvips-darwin-x64': 1.2.4
      '@img/sharp-libvips-linux-arm': 1.2.4
      '@img/sharp-libvips-linux-arm64': 1.2.4
      '@img/sharp-libvips-linux-ppc64': 1.2.4
      '@img/sharp-libvips-linux-riscv64': 1.2.4
      '@img/sharp-libvips-linux-s390x': 1.2.4
      '@img/sharp-libvips-linux-x64': 1.2.4
      '@img/sharp-libvips-linuxmusl-arm64': 1.2.4
      '@img/sharp-libvips-linuxmusl-x64': 1.2.4
      '@img/sharp-linux-arm': 0.34.5
      '@img/sharp-linux-arm64': 0.34.5
      '@img/sharp-linux-ppc64': 0.34.5
      '@img/sharp-linux-riscv64': 0.34.5
      '@img/sharp-linux-s390x': 0.34.5
      '@img/sharp-linux-x64': 0.34.5
      '@img/sharp-linuxmusl-arm64': 0.34.5
      '@img/sharp-linuxmusl-x64': 0.34.5
      '@img/sharp-wasm32': 0.34.5
      '@img/sharp-win32-arm64': 0.34.5
      '@img/sharp-win32-ia32': 0.34.5
      '@img/sharp-win32-x64': 0.34.5
    optional: true

  simple-peer@9.11.1:
    dependencies:
      buffer: 6.0.3
      debug: 4.4.3
      err-code: 3.0.1
      get-browser-rtc: 1.1.0
      queue-microtask: 1.2.3
      randombytes: 2.1.0
      readable-stream: 3.6.2
    transitivePeerDependencies:
      - supports-color

  source-map-js@1.2.1: {}

  string_decoder@1.3.0:
    dependencies:
      safe-buffer: 5.2.1

  styled-jsx@5.1.6(react@19.2.0):
    dependencies:
      client-only: 0.0.1
      react: 19.2.0

  tslib@2.8.1: {}

  typescript@5.9.3: {}

  undici-types@7.16.0: {}

  use-sync-external-store@1.4.0(react@19.2.0):
    dependencies:
      react: 19.2.0
    optional: true

  util-deprecate@1.0.2: {}

  zustand@5.0.8(@types/react@19.2.3)(react@19.2.0)(use-sync-external-store@1.4.0(react@19.2.0)):
    optionalDependencies:
      '@types/react': 19.2.3
      react: 19.2.0
      use-sync-external-store: 1.4.0(react@19.2.0)
